<Solution>
  <Project Path="EventTicketing.Api/EventTicketing.Api.csproj" />
  <Project Path="EventTicketing.Application/EventTicketing.Application.csproj" />
  <Project Path="EventTicketing.Domain/EventTicketing.Domain.csproj" />
  <Project Path="EventTicketing.Infrastructure/EventTicketing.Infrastructure.csproj" />
</Solution>
